
Microsoft Visual Studio Solution File, Format Version 12.00
# Visual Studio Version 16
VisualStudioVersion = 16.0.29519.87
MinimumVisualStudioVersion = 10.0.40219.1
Project("{FAE04EC0-301F-11D3-BF4B-00C04F79EFBC}") = "OujiTenko", "OujiTenko\OujiTenko.csproj", "{3C135655-D811-4B41-8AEA-4C73E95E914D}"
EndProject
Global
	GlobalSection(SolutionConfigurationPlatforms) = preSolution
		Debug|Any CPU = Debug|Any CPU
		Release|Any CPU = Release|Any CPU
	EndGlobalSection
	GlobalSection(ProjectConfigurationPlatforms) = postSolution
		{3C135655-D811-4B41-8AEA-4C73E95E914D}.Debug|Any CPU.ActiveCfg = Debug|Any CPU
		{3C135655-D811-4B41-8AEA-4C73E95E914D}.Debug|Any CPU.Build.0 = Debug|Any CPU
		{3C135655-D811-4B41-8AEA-4C73E95E914D}.Release|Any CPU.ActiveCfg = Release|Any CPU
		{3C135655-D811-4B41-8AEA-4C73E95E914D}.Release|Any CPU.Build.0 = Release|Any CPU
	EndGlobalSection
	GlobalSection(SolutionProperties) = preSolution
		HideSolutionNode = FALSE
	EndGlobalSection
	GlobalSection(ExtensibilityGlobals) = postSolution
		SolutionGuid = {984E65B6-8981-48F1-924E-ADB6C37A14F3}
	EndGlobalSection
EndGlobal
